
Microsoft Visual Studio Solution File, Format Version 12.00
# Visual Studio Version 16
VisualStudioVersion = 16.0.28803.452
MinimumVisualStudioVersion = 10.0.40219.1
Project("{FAE04EC0-301F-11D3-BF4B-00C04F79EFBC}") = "NoughtsCrossesDemo", "NoughtsCrossesDemo\NoughtsCrossesDemo.csproj", "{DC406B54-D1F8-4EF2-A3B7-73C0FE39ACE6}"
EndProject
Global
	GlobalSection(SolutionConfigurationPlatforms) = preSolution
		Debug|Any CPU = Debug|Any CPU
		Release|Any CPU = Release|Any CPU
	EndGlobalSection
	GlobalSection(ProjectConfigurationPlatforms) = postSolution
		{DC406B54-D1F8-4EF2-A3B7-73C0FE39ACE6}.Debug|Any CPU.ActiveCfg = Debug|Any CPU
		{DC406B54-D1F8-4EF2-A3B7-73C0FE39ACE6}.Debug|Any CPU.Build.0 = Debug|Any CPU
		{DC406B54-D1F8-4EF2-A3B7-73C0FE39ACE6}.Release|Any CPU.ActiveCfg = Release|Any CPU
		{DC406B54-D1F8-4EF2-A3B7-73C0FE39ACE6}.Release|Any CPU.Build.0 = Release|Any CPU
	EndGlobalSection
	GlobalSection(SolutionProperties) = preSolution
		HideSolutionNode = FALSE
	EndGlobalSection
	GlobalSection(ExtensibilityGlobals) = postSolution
		SolutionGuid = {4B7572CF-6363-43FE-8E91-3DC13CD8791C}
	EndGlobalSection
EndGlobal
